
Microsoft Visual Studio Solution File, Format Version 12.00
# Visual Studio Version 16
VisualStudioVersion = 16.0.31410.357
MinimumVisualStudioVersion = 10.0.40219.1
Project("{FAE04EC0-301F-11D3-BF4B-00C04F79EFBC}") = "Struct and Enum", "Struct and Enum\Struct and Enum.csproj", "{DFF40B00-01D5-49BC-84AE-7ADAB3CE55BC}"
EndProject
Global
	GlobalSection(SolutionConfigurationPlatforms) = preSolution
		Debug|Any CPU = Debug|Any CPU
		Release|Any CPU = Release|Any CPU
	EndGlobalSection
	GlobalSection(ProjectConfigurationPlatforms) = postSolution
		{DFF40B00-01D5-49BC-84AE-7ADAB3CE55BC}.Debug|Any CPU.ActiveCfg = Debug|Any CPU
		{DFF40B00-01D5-49BC-84AE-7ADAB3CE55BC}.Debug|Any CPU.Build.0 = Debug|Any CPU
		{DFF40B00-01D5-49BC-84AE-7ADAB3CE55BC}.Release|Any CPU.ActiveCfg = Release|Any CPU
		{DFF40B00-01D5-49BC-84AE-7ADAB3CE55BC}.Release|Any CPU.Build.0 = Release|Any CPU
	EndGlobalSection
	GlobalSection(SolutionProperties) = preSolution
		HideSolutionNode = FALSE
	EndGlobalSection
	GlobalSection(ExtensibilityGlobals) = postSolution
		SolutionGuid = {ACBBB01A-AB68-48E9-8479-5E2FB229B5D3}
	EndGlobalSection
EndGlobal
